{
  "dependencies": {
    "node-sass": {
      "from": "https://github.com/andrew/node-sass/tarball/c2d675fcb5af16c94b9bac9288ea873edc3199ea",
      "dependencies": {
        "mkdirp": {
          "version": "0.3.5"
        },
        "colors": {
          "version": "0.6.0-1"
        },
        "optimist": {
          "version": "0.4.0",
          "dependencies": {
            "wordwrap": {
              "version": "0.0.2"
            }
          }
        }
      }
    }
  }
}
